
Microsoft Visual Studio Solution File, Format Version 12.00
# Visual Studio 2013
VisualStudioVersion = 12.0.40629.0
MinimumVisualStudioVersion = 10.0.40219.1
Project("{FAE04EC0-301F-11D3-BF4B-00C04F79EFBC}") = "uni", "uni\uni.csproj", "{C40648E6-D8E6-49C6-A4F0-57CC87C2810D}"
EndProject
Project("{FAE04EC0-301F-11D3-BF4B-00C04F79EFBC}") = "DAL", "DAL\DAL.csproj", "{315AF31C-E64E-454C-BC8E-7BE3B6D1EBA1}"
EndProject
Project("{FAE04EC0-301F-11D3-BF4B-00C04F79EFBC}") = "UniEngine", "UniEngine\UniEngine.csproj", "{D3685375-6E0A-4CEA-AB64-86F91682CC0F}"
EndProject
Project("{FAE04EC0-301F-11D3-BF4B-00C04F79EFBC}") = "DialogBase", "DialogBase\DialogBase.csproj", "{AECE9533-8F0A-447A-8F71-EB964FE6749C}"
EndProject
Project("{FAE04EC0-301F-11D3-BF4B-00C04F79EFBC}") = "MVPLight", "MVPLight\MVPLight.csproj", "{E45797B0-5341-43C1-8223-052AE7F6FD42}"
EndProject
Project("{FAE04EC0-301F-11D3-BF4B-00C04F79EFBC}") = "ADOLib", "ADOLib\ADOLib.csproj", "{2134B031-56DC-4140-85C5-CF6DA5B85D16}"
EndProject
Project("{FAE04EC0-301F-11D3-BF4B-00C04F79EFBC}") = "Logging", "Logging\Logging.csproj", "{3B6F2D74-3B42-4D9C-8003-3151F9A0B23E}"
EndProject
Project("{FAE04EC0-301F-11D3-BF4B-00C04F79EFBC}") = "Entities", "Entities\Entities.csproj", "{9F1D7313-4D5B-4D34-B729-E829582B66A7}"
EndProject
Global
	GlobalSection(SolutionConfigurationPlatforms) = preSolution
		Debug|Any CPU = Debug|Any CPU
		Release|Any CPU = Release|Any CPU
	EndGlobalSection
	GlobalSection(ProjectConfigurationPlatforms) = postSolution
		{C40648E6-D8E6-49C6-A4F0-57CC87C2810D}.Debug|Any CPU.ActiveCfg = Debug|Any CPU
		{C40648E6-D8E6-49C6-A4F0-57CC87C2810D}.Debug|Any CPU.Build.0 = Debug|Any CPU
		{C40648E6-D8E6-49C6-A4F0-57CC87C2810D}.Release|Any CPU.ActiveCfg = Release|Any CPU
		{C40648E6-D8E6-49C6-A4F0-57CC87C2810D}.Release|Any CPU.Build.0 = Release|Any CPU
		{315AF31C-E64E-454C-BC8E-7BE3B6D1EBA1}.Debug|Any CPU.ActiveCfg = Debug|Any CPU
		{315AF31C-E64E-454C-BC8E-7BE3B6D1EBA1}.Debug|Any CPU.Build.0 = Debug|Any CPU
		{315AF31C-E64E-454C-BC8E-7BE3B6D1EBA1}.Release|Any CPU.ActiveCfg = Release|Any CPU
		{315AF31C-E64E-454C-BC8E-7BE3B6D1EBA1}.Release|Any CPU.Build.0 = Release|Any CPU
		{D3685375-6E0A-4CEA-AB64-86F91682CC0F}.Debug|Any CPU.ActiveCfg = Debug|Any CPU
		{D3685375-6E0A-4CEA-AB64-86F91682CC0F}.Debug|Any CPU.Build.0 = Debug|Any CPU
		{D3685375-6E0A-4CEA-AB64-86F91682CC0F}.Release|Any CPU.ActiveCfg = Release|Any CPU
		{D3685375-6E0A-4CEA-AB64-86F91682CC0F}.Release|Any CPU.Build.0 = Release|Any CPU
		{AECE9533-8F0A-447A-8F71-EB964FE6749C}.Debug|Any CPU.ActiveCfg = Debug|Any CPU
		{AECE9533-8F0A-447A-8F71-EB964FE6749C}.Debug|Any CPU.Build.0 = Debug|Any CPU
		{AECE9533-8F0A-447A-8F71-EB964FE6749C}.Release|Any CPU.ActiveCfg = Release|Any CPU
		{AECE9533-8F0A-447A-8F71-EB964FE6749C}.Release|Any CPU.Build.0 = Release|Any CPU
		{E45797B0-5341-43C1-8223-052AE7F6FD42}.Debug|Any CPU.ActiveCfg = Debug|Any CPU
		{E45797B0-5341-43C1-8223-052AE7F6FD42}.Debug|Any CPU.Build.0 = Debug|Any CPU
		{E45797B0-5341-43C1-8223-052AE7F6FD42}.Release|Any CPU.ActiveCfg = Release|Any CPU
		{E45797B0-5341-43C1-8223-052AE7F6FD42}.Release|Any CPU.Build.0 = Release|Any CPU
		{2134B031-56DC-4140-85C5-CF6DA5B85D16}.Debug|Any CPU.ActiveCfg = Debug|Any CPU
		{2134B031-56DC-4140-85C5-CF6DA5B85D16}.Debug|Any CPU.Build.0 = Debug|Any CPU
		{2134B031-56DC-4140-85C5-CF6DA5B85D16}.Release|Any CPU.ActiveCfg = Release|Any CPU
		{2134B031-56DC-4140-85C5-CF6DA5B85D16}.Release|Any CPU.Build.0 = Release|Any CPU
		{3B6F2D74-3B42-4D9C-8003-3151F9A0B23E}.Debug|Any CPU.ActiveCfg = Debug|Any CPU
		{3B6F2D74-3B42-4D9C-8003-3151F9A0B23E}.Debug|Any CPU.Build.0 = Debug|Any CPU
		{3B6F2D74-3B42-4D9C-8003-3151F9A0B23E}.Release|Any CPU.ActiveCfg = Release|Any CPU
		{3B6F2D74-3B42-4D9C-8003-3151F9A0B23E}.Release|Any CPU.Build.0 = Release|Any CPU
		{9F1D7313-4D5B-4D34-B729-E829582B66A7}.Debug|Any CPU.ActiveCfg = Debug|Any CPU
		{9F1D7313-4D5B-4D34-B729-E829582B66A7}.Debug|Any CPU.Build.0 = Debug|Any CPU
		{9F1D7313-4D5B-4D34-B729-E829582B66A7}.Release|Any CPU.ActiveCfg = Release|Any CPU
		{9F1D7313-4D5B-4D34-B729-E829582B66A7}.Release|Any CPU.Build.0 = Release|Any CPU
	EndGlobalSection
	GlobalSection(SolutionProperties) = preSolution
		HideSolutionNode = FALSE
	EndGlobalSection
EndGlobal
